// !$*UTF8*$!
{
	archiveVersion = 1;
	classes = {
	};
	objectVersion = 46;
	objects = {

/* Begin PBXBuildFile section */
		031D35F41E02AF8E00F328C7 /* KPWebCall.swift in Sources */ = {isa = PBXBuildFile; fileRef = 031D35F31E02AF8E00F328C7 /* KPWebCall.swift */; };
		031D35F81E02B26A00F328C7 /* APIDataVC.swift in Sources */ = {isa = PBXBuildFile; fileRef = 031D35F71E02B26A00F328C7 /* APIDataVC.swift */; };
		031D35FA1E02B3C900F328C7 /* User.swift in Sources */ = {isa = PBXBuildFile; fileRef = 031D35F91E02B3C900F328C7 /* User.swift */; };
		039458C91E025C47001B3547 /* AppDelegate.swift in Sources */ = {isa = PBXBuildFile; fileRef = 039458C81E025C47001B3547 /* AppDelegate.swift */; };
		039458CE1E025C47001B3547 /* Main.storyboard in Resources */ = {isa = PBXBuildFile; fileRef = 039458CC1E025C47001B3547 /* Main.storyboard */; };
		039458D11E025C47001B3547 /* CoreDataDemo.xcdatamodeld in Sources */ = {isa = PBXBuildFile; fileRef = 039458CF1E025C47001B3547 /* CoreDataDemo.xcdatamodeld */; };
		039458D31E025C47001B3547 /* Assets.xcassets in Resources */ = {isa = PBXBuildFile; fileRef = 039458D21E025C47001B3547 /* Assets.xcassets */; };
		039458D61E025C47001B3547 /* LaunchScreen.storyboard in Resources */ = {isa = PBXBuildFile; fileRef = 039458D41E025C47001B3547 /* LaunchScreen.storyboard */; };
		039458DF1E025E63001B3547 /* ParentManagedObject.swift in Sources */ = {isa = PBXBuildFile; fileRef = 039458DE1E025E63001B3547 /* ParentManagedObject.swift */; };
		039458E11E025ED3001B3547 /* Constants.swift in Sources */ = {isa = PBXBuildFile; fileRef = 039458E01E025ED3001B3547 /* Constants.swift */; };
		039458E31E026717001B3547 /* Employee.swift in Sources */ = {isa = PBXBuildFile; fileRef = 039458E21E026717001B3547 /* Employee.swift */; };
		039458E51E0268C5001B3547 /* AddDisEmployeeVC.swift in Sources */ = {isa = PBXBuildFile; fileRef = 039458E41E0268C5001B3547 /* AddDisEmployeeVC.swift */; };
		C22962A28F4909BD3A989A77 /* Pods_CoreDataDemo.framework in Frameworks */ = {isa = PBXBuildFile; fileRef = 4CD115EEA6108661DFAFD54B /* Pods_CoreDataDemo.framework */; };
/* End PBXBuildFile section */

/* Begin PBXFileReference section */
		031D35F31E02AF8E00F328C7 /* KPWebCall.swift */ = {isa = PBXFileReference; fileEncoding = 4; lastKnownFileType = sourcecode.swift; path = KPWebCall.swift; sourceTree = "<group>"; };
		031D35F71E02B26A00F328C7 /* APIDataVC.swift */ = {isa = PBXFileReference; fileEncoding = 4; lastKnownFileType = sourcecode.swift; path = APIDataVC.swift; sourceTree = "<group>"; };
		031D35F91E02B3C900F328C7 /* User.swift */ = {isa = PBXFileReference; fileEncoding = 4; lastKnownFileType = sourcecode.swift; path = User.swift; sourceTree = "<group>"; };
		039458C51E025C47001B3547 /* CoreDataDemo.app */ = {isa = PBXFileReference; explicitFileType = wrapper.application; includeInIndex = 0; path = CoreDataDemo.app; sourceTree = BUILT_PRODUCTS_DIR; };
		039458C81E025C47001B3547 /* AppDelegate.swift */ = {isa = PBXFileReference; lastKnownFileType = sourcecode.swift; path = AppDelegate.swift; sourceTree = "<group>"; };
		039458CD1E025C47001B3547 /* Base */ = {isa = PBXFileReference; lastKnownFileType = file.storyboard; name = Base; path = Base.lproj/Main.storyboard; sourceTree = "<group>"; };
		039458D01E025C47001B3547 /* CoreDataDemo.xcdatamodel */ = {isa = PBXFileReference; lastKnownFileType = wrapper.xcdatamodel; path = CoreDataDemo.xcdatamodel; sourceTree = "<group>"; };
		039458D21E025C47001B3547 /* Assets.xcassets */ = {isa = PBXFileReference; lastKnownFileType = folder.assetcatalog; path = Assets.xcassets; sourceTree = "<group>"; };
		039458D51E025C47001B3547 /* Base */ = {isa = PBXFileReference; lastKnownFileType = file.storyboard; name = Base; path = Base.lproj/LaunchScreen.storyboard; sourceTree = "<group>"; };
		039458D71E025C47001B3547 /* Info.plist */ = {isa = PBXFileReference; lastKnownFileType = text.plist.xml; path = Info.plist; sourceTree = "<group>"; };
		039458DE1E025E63001B3547 /* ParentManagedObject.swift */ = {isa = PBXFileReference; fileEncoding = 4; lastKnownFileType = sourcecode.swift; path = ParentManagedObject.swift; sourceTree = "<group>"; };
		039458E01E025ED3001B3547 /* Constants.swift */ = {isa = PBXFileReference; fileEncoding = 4; lastKnownFileType = sourcecode.swift; path = Constants.swift; sourceTree = "<group>"; };
		039458E21E026717001B3547 /* Employee.swift */ = {isa = PBXFileReference; fileEncoding = 4; lastKnownFileType = sourcecode.swift; path = Employee.swift; sourceTree = "<group>"; };
		039458E41E0268C5001B3547 /* AddDisEmployeeVC.swift */ = {isa = PBXFileReference; fileEncoding = 4; lastKnownFileType = sourcecode.swift; name = AddDisEmployeeVC.swift; path = CoreDataDemo/AddDisEmployeeVC.swift; sourceTree = SOURCE_ROOT; };
		4CD115EEA6108661DFAFD54B /* Pods_CoreDataDemo.framework */ = {isa = PBXFileReference; explicitFileType = wrapper.framework; includeInIndex = 0; path = Pods_CoreDataDemo.framework; sourceTree = BUILT_PRODUCTS_DIR; };
		6863B0EF8F265F1208789A33 /* Pods-CoreDataDemo.release.xcconfig */ = {isa = PBXFileReference; includeInIndex = 1; lastKnownFileType = text.xcconfig; name = "Pods-CoreDataDemo.release.xcconfig"; path = "Pods/Target Support Files/Pods-CoreDataDemo/Pods-CoreDataDemo.release.xcconfig"; sourceTree = "<group>"; };
		8886D6C9BC4383D3A46F00D9 /* Pods-CoreDataDemo.debug.xcconfig */ = {isa = PBXFileReference; includeInIndex = 1; lastKnownFileType = text.xcconfig; name = "Pods-CoreDataDemo.debug.xcconfig"; path = "Pods/Target Support Files/Pods-CoreDataDemo/Pods-CoreDataDemo.debug.xcconfig"; sourceTree = "<group>"; };
/* End PBXFileReference section */

/* Begin PBXFrameworksBuildPhase section */
		039458C21E025C46001B3547 /* Frameworks */ = {
			isa = PBXFrameworksBuildPhase;
			buildActionMask = 2147483647;
			files = (
				C22962A28F4909BD3A989A77 /* Pods_CoreDataDemo.framework in Frameworks */,
			);
			runOnlyForDeploymentPostprocessing = 0;
		};
/* End PBXFrameworksBuildPhase section */

/* Begin PBXGroup section */
		039458BC1E025C46001B3547 = {
			isa = PBXGroup;
			children = (
				039458C71E025C47001B3547 /* CoreDataDemo */,
				039458C61E025C47001B3547 /* Products */,
				FBDF275F2C757D6F9D3CC72E /* Pods */,
				751425D5477CB94A176F5B49 /* Frameworks */,
			);
			sourceTree = "<group>";
		};
		039458C61E025C47001B3547 /* Products */ = {
			isa = PBXGroup;
			children = (
				039458C51E025C47001B3547 /* CoreDataDemo.app */,
			);
			name = Products;
			sourceTree = "<group>";
		};
		039458C71E025C47001B3547 /* CoreDataDemo */ = {
			isa = PBXGroup;
			children = (
				039458DD1E025E63001B3547 /* CoreDataClasses */,
				039458C81E025C47001B3547 /* AppDelegate.swift */,
				031D35F71E02B26A00F328C7 /* APIDataVC.swift */,
				039458E41E0268C5001B3547 /* AddDisEmployeeVC.swift */,
				039458CC1E025C47001B3547 /* Main.storyboard */,
				039458D21E025C47001B3547 /* Assets.xcassets */,
				039458D41E025C47001B3547 /* LaunchScreen.storyboard */,
				039458E01E025ED3001B3547 /* Constants.swift */,
				039458D71E025C47001B3547 /* Info.plist */,
				039458CF1E025C47001B3547 /* CoreDataDemo.xcdatamodeld */,
				031D35F31E02AF8E00F328C7 /* KPWebCall.swift */,
			);
			path = CoreDataDemo;
			sourceTree = "<group>";
		};
		039458DD1E025E63001B3547 /* CoreDataClasses */ = {
			isa = PBXGroup;
			children = (
				039458DE1E025E63001B3547 /* ParentManagedObject.swift */,
				039458E21E026717001B3547 /* Employee.swift */,
				031D35F91E02B3C900F328C7 /* User.swift */,
			);
			path = CoreDataClasses;
			sourceTree = "<group>";
		};
		751425D5477CB94A176F5B49 /* Frameworks */ = {
			isa = PBXGroup;
			children = (
				4CD115EEA6108661DFAFD54B /* Pods_CoreDataDemo.framework */,
			);
			name = Frameworks;
			sourceTree = "<group>";
		};
		FBDF275F2C757D6F9D3CC72E /* Pods */ = {
			isa = PBXGroup;
			children = (
				8886D6C9BC4383D3A46F00D9 /* Pods-CoreDataDemo.debug.xcconfig */,
				6863B0EF8F265F1208789A33 /* Pods-CoreDataDemo.release.xcconfig */,
			);
			name = Pods;
			sourceTree = "<group>";
		};
/* End PBXGroup section */

/* Begin PBXNativeTarget section */
		039458C41E025C46001B3547 /* CoreDataDemo */ = {
			isa = PBXNativeTarget;
			buildConfigurationList = 039458DA1E025C47001B3547 /* Build configuration list for PBXNativeTarget "CoreDataDemo" */;
			buildPhases = (
				26919FC94012079EBC526CB4 /* [CP] Check Pods Manifest.lock */,
				039458C11E025C46001B3547 /* Sources */,
				039458C21E025C46001B3547 /* Frameworks */,
				039458C31E025C46001B3547 /* Resources */,
				5E41C07652E463C3210A0E00 /* [CP] Embed Pods Frameworks */,
				5BF338FEC0915E19797A3F94 /* [CP] Copy Pods Resources */,
			);
			buildRules = (
			);
			dependencies = (
			);
			name = CoreDataDemo;
			productName = CoreDataDemo;
			productReference = 039458C51E025C47001B3547 /* CoreDataDemo.app */;
			productType = "com.apple.product-type.application";
		};
/* End PBXNativeTarget section */

/* Begin PBXProject section */
		039458BD1E025C46001B3547 /* Project object */ = {
			isa = PBXProject;
			attributes = {
				LastSwiftUpdateCheck = 0810;
				LastUpgradeCheck = 0810;
				ORGANIZATIONNAME = Yudiz;
				TargetAttributes = {
					039458C41E025C46001B3547 = {
						CreatedOnToolsVersion = 8.1;
						ProvisioningStyle = Automatic;
					};
				};
			};
			buildConfigurationList = 039458C01E025C46001B3547 /* Build configuration list for PBXProject "CoreDataDemo" */;
			compatibilityVersion = "Xcode 3.2";
			developmentRegion = English;
			hasScannedForEncodings = 0;
			knownRegions = (
				en,
				Base,
			);
			mainGroup = 039458BC1E025C46001B3547;
			productRefGroup = 039458C61E025C47001B3547 /* Products */;
			projectDirPath = "";
			projectRoot = "";
			targets = (
				039458C41E025C46001B3547 /* CoreDataDemo */,
			);
		};
/* End PBXProject section */

/* Begin PBXResourcesBuildPhase section */
		039458C31E025C46001B3547 /* Resources */ = {
			isa = PBXResourcesBuildPhase;
			buildActionMask = 2147483647;
			files = (
				039458D61E025C47001B3547 /* LaunchScreen.storyboard in Resources */,
				039458D31E025C47001B3547 /* Assets.xcassets in Resources */,
				039458CE1E025C47001B3547 /* Main.storyboard in Resources */,
			);
			runOnlyForDeploymentPostprocessing = 0;
		};
/* End PBXResourcesBuildPhase section */

/* Begin PBXShellScriptBuildPhase section */
		26919FC94012079EBC526CB4 /* [CP] Check Pods Manifest.lock */ = {
			isa = PBXShellScriptBuildPhase;
			buildActionMask = 2147483647;
			files = (
			);
			inputPaths = (
			);
			name = "[CP] Check Pods Manifest.lock";
			outputPaths = (
			);
			runOnlyForDeploymentPostprocessing = 0;
			shellPath = /bin/sh;
			shellScript = "diff \"${PODS_ROOT}/../Podfile.lock\" \"${PODS_ROOT}/Manifest.lock\" > /dev/null\nif [ $? != 0 ] ; then\n    # print error to STDERR\n    echo \"error: The sandbox is not in sync with the Podfile.lock. Run 'pod install' or update your CocoaPods installation.\" >&2\n    exit 1\nfi\n";
			showEnvVarsInLog = 0;
		};
		5BF338FEC0915E19797A3F94 /* [CP] Copy Pods Resources */ = {
			isa = PBXShellScriptBuildPhase;
			buildActionMask = 2147483647;
			files = (
			);
			inputPaths = (
			);
			name = "[CP] Copy Pods Resources";
			outputPaths = (
			);
			runOnlyForDeploymentPostprocessing = 0;
			shellPath = /bin/sh;
			shellScript = "\"${SRCROOT}/Pods/Target Support Files/Pods-CoreDataDemo/Pods-CoreDataDemo-resources.sh\"\n";
			showEnvVarsInLog = 0;
		};
		5E41C07652E463C3210A0E00 /* [CP] Embed Pods Frameworks */ = {
			isa = PBXShellScriptBuildPhase;
			buildActionMask = 2147483647;
			files = (
			);
			inputPaths = (
			);
			name = "[CP] Embed Pods Frameworks";
			outputPaths = (
			);
			runOnlyForDeploymentPostprocessing = 0;
			shellPath = /bin/sh;
			shellScript = "\"${SRCROOT}/Pods/Target Support Files/Pods-CoreDataDemo/Pods-CoreDataDemo-frameworks.sh\"\n";
			showEnvVarsInLog = 0;
		};
/* End PBXShellScriptBuildPhase section */

/* Begin PBXSourcesBuildPhase section */
		039458C11E025C46001B3547 /* Sources */ = {
			isa = PBXSourcesBuildPhase;
			buildActionMask = 2147483647;
			files = (
				039458E11E025ED3001B3547 /* Constants.swift in Sources */,
				031D35F81E02B26A00F328C7 /* APIDataVC.swift in Sources */,
				039458E31E026717001B3547 /* Employee.swift in Sources */,
				039458D11E025C47001B3547 /* CoreDataDemo.xcdatamodeld in Sources */,
				039458DF1E025E63001B3547 /* ParentManagedObject.swift in Sources */,
				039458C91E025C47001B3547 /* AppDelegate.swift in Sources */,
				031D35F41E02AF8E00F328C7 /* KPWebCall.swift in Sources */,
				031D35FA1E02B3C900F328C7 /* User.swift in Sources */,
				039458E51E0268C5001B3547 /* AddDisEmployeeVC.swift in Sources */,
			);
			runOnlyForDeploymentPostprocessing = 0;
		};
/* End PBXSourcesBuildPhase section */

/* Begin PBXVariantGroup section */
		039458CC1E025C47001B3547 /* Main.storyboard */ = {
			isa = PBXVariantGroup;
			children = (
				039458CD1E025C47001B3547 /* Base */,
			);
			name = Main.storyboard;
			sourceTree = "<group>";
		};
		039458D41E025C47001B3547 /* LaunchScreen.storyboard */ = {
			isa = PBXVariantGroup;
			children = (
				039458D51E025C47001B3547 /* Base */,
			);
			name = LaunchScreen.storyboard;
			sourceTree = "<group>";
		};
/* End PBXVariantGroup section */

/* Begin XCBuildConfiguration section */
		039458D81E025C47001B3547 /* Debug */ = {
			isa = XCBuildConfiguration;
			buildSettings = {
				ALWAYS_SEARCH_USER_PATHS = NO;
				CLANG_ANALYZER_NONNULL = YES;
				CLANG_CXX_LANGUAGE_STANDARD = "gnu++0x";
				CLANG_CXX_LIBRARY = "libc++";
				CLANG_ENABLE_MODULES = YES;
				CLANG_ENABLE_OBJC_ARC = YES;
				CLANG_WARN_BOOL_CONVERSION = YES;
				CLANG_WARN_CONSTANT_CONVERSION = YES;
				CLANG_WARN_DIRECT_OBJC_ISA_USAGE = YES_ERROR;
				CLANG_WARN_DOCUMENTATION_COMMENTS = YES;
				CLANG_WARN_EMPTY_BODY = YES;
				CLANG_WARN_ENUM_CONVERSION = YES;
				CLANG_WARN_INFINITE_RECURSION = YES;
				CLANG_WARN_INT_CONVERSION = YES;
				CLANG_WARN_OBJC_ROOT_CLASS = YES_ERROR;
				CLANG_WARN_SUSPICIOUS_MOVES = YES;
				CLANG_WARN_UNREACHABLE_CODE = YES;
				CLANG_WARN__DUPLICATE_METHOD_MATCH = YES;
				"CODE_SIGN_IDENTITY[sdk=iphoneos*]" = "iPhone Developer";
				COPY_PHASE_STRIP = NO;
				DEBUG_INFORMATION_FORMAT = dwarf;
				ENABLE_STRICT_OBJC_MSGSEND = YES;
				ENABLE_TESTABILITY = YES;
				GCC_C_LANGUAGE_STANDARD = gnu99;
				GCC_DYNAMIC_NO_PIC = NO;
				GCC_NO_COMMON_BLOCKS = YES;
				GCC_OPTIMIZATION_LEVEL = 0;
				GCC_PREPROCESSOR_DEFINITIONS = (
					"DEBUG=1",
					"$(inherited)",
				);
				GCC_WARN_64_TO_32_BIT_CONVERSION = YES;
				GCC_WARN_ABOUT_RETURN_TYPE = YES_ERROR;
				GCC_WARN_UNDECLARED_SELECTOR = YES;
				GCC_WARN_UNINITIALIZED_AUTOS = YES_AGGRESSIVE;
				GCC_WARN_UNUSED_FUNCTION = YES;
				GCC_WARN_UNUSED_VARIABLE = YES;
				IPHONEOS_DEPLOYMENT_TARGET = 10.1;
				MTL_ENABLE_DEBUG_INFO = YES;
				ONLY_ACTIVE_ARCH = YES;
				SDKROOT = iphoneos;
				SWIFT_ACTIVE_COMPILATION_CONDITIONS = DEBUG;
				SWIFT_OPTIMIZATION_LEVEL = "-Onone";
				TARGETED_DEVICE_FAMILY = "1,2";
			};
			name = Debug;
		};
		039458D91E025C47001B3547 /* Release */ = {
			isa = XCBuildConfiguration;
			buildSettings = {
				ALWAYS_SEARCH_USER_PATHS = NO;
				CLANG_ANALYZER_NONNULL = YES;
				CLANG_CXX_LANGUAGE_STANDARD = "gnu++0x";
				CLANG_CXX_LIBRARY = "libc++";
				CLANG_ENABLE_MODULES = YES;
				CLANG_ENABLE_OBJC_ARC = YES;
				CLANG_WARN_BOOL_CONVERSION = YES;
				CLANG_WARN_CONSTANT_CONVERSION = YES;
				CLANG_WARN_DIRECT_OBJC_ISA_USAGE = YES_ERROR;
				CLANG_WARN_DOCUMENTATION_COMMENTS = YES;
				CLANG_WARN_EMPTY_BODY = YES;
				CLANG_WARN_ENUM_CONVERSION = YES;
				CLANG_WARN_INFINITE_RECURSION = YES;
				CLANG_WARN_INT_CONVERSION = YES;
				CLANG_WARN_OBJC_ROOT_CLASS = YES_ERROR;
				CLANG_WARN_SUSPICIOUS_MOVES = YES;
				CLANG_WARN_UNREACHABLE_CODE = YES;
				CLANG_WARN__DUPLICATE_METHOD_MATCH = YES;
				"CODE_SIGN_IDENTITY[sdk=iphoneos*]" = "iPhone Developer";
				COPY_PHASE_STRIP = NO;
				DEBUG_INFORMATION_FORMAT = "dwarf-with-dsym";
				ENABLE_NS_ASSERTIONS = NO;
				ENABLE_STRICT_OBJC_MSGSEND = YES;
				GCC_C_LANGUAGE_STANDARD = gnu99;
				GCC_NO_COMMON_BLOCKS = YES;
				GCC_WARN_64_TO_32_BIT_CONVERSION = YES;
				GCC_WARN_ABOUT_RETURN_TYPE = YES_ERROR;
				GCC_WARN_UNDECLARED_SELECTOR = YES;
				GCC_WARN_UNINITIALIZED_AUTOS = YES_AGGRESSIVE;
				GCC_WARN_UNUSED_FUNCTION = YES;
				GCC_WARN_UNUSED_VARIABLE = YES;
				IPHONEOS_DEPLOYMENT_TARGET = 10.1;
				MTL_ENABLE_DEBUG_INFO = NO;
				SDKROOT = iphoneos;
				SWIFT_OPTIMIZATION_LEVEL = "-Owholemodule";
				TARGETED_DEVICE_FAMILY = "1,2";
				VALIDATE_PRODUCT = YES;
			};
			name = Release;
		};
		039458DB1E025C47001B3547 /* Debug */ = {
			isa = XCBuildConfiguration;
			baseConfigurationReference = 8886D6C9BC4383D3A46F00D9 /* Pods-CoreDataDemo.debug.xcconfig */;
			buildSettings = {
				ASSETCATALOG_COMPILER_APPICON_NAME = AppIcon;
				INFOPLIST_FILE = CoreDataDemo/Info.plist;
				LD_RUNPATH_SEARCH_PATHS = "$(inherited) @executable_path/Frameworks";
				PRODUCT_BUNDLE_IDENTIFIER = com.CoreDataDemo;
				PRODUCT_NAME = "$(TARGET_NAME)";
				SWIFT_VERSION = 3.0;
			};
			name = Debug;
		};
		039458DC1E025C47001B3547 /* Release */ = {
			isa = XCBuildConfiguration;
			baseConfigurationReference = 6863B0EF8F265F1208789A33 /* Pods-CoreDataDemo.release.xcconfig */;
			buildSettings = {
				ASSETCATALOG_COMPILER_APPICON_NAME = AppIcon;
				INFOPLIST_FILE = CoreDataDemo/Info.plist;
				LD_RUNPATH_SEARCH_PATHS = "$(inherited) @executable_path/Frameworks";
				PRODUCT_BUNDLE_IDENTIFIER = com.CoreDataDemo;
				PRODUCT_NAME = "$(TARGET_NAME)";
				SWIFT_VERSION = 3.0;
			};
			name = Release;
		};
/* End XCBuildConfiguration section */

/* Begin XCConfigurationList section */
		039458C01E025C46001B3547 /* Build configuration list for PBXProject "CoreDataDemo" */ = {
			isa = XCConfigurationList;
			buildConfigurations = (
				039458D81E025C47001B3547 /* Debug */,
				039458D91E025C47001B3547 /* Release */,
			);
			defaultConfigurationIsVisible = 0;
			defaultConfigurationName = Release;
		};
		039458DA1E025C47001B3547 /* Build configuration list for PBXNativeTarget "CoreDataDemo" */ = {
			isa = XCConfigurationList;
			buildConfigurations = (
				039458DB1E025C47001B3547 /* Debug */,
				039458DC1E025C47001B3547 /* Release */,
			);
			defaultConfigurationIsVisible = 0;
			defaultConfigurationName = Release;
		};
/* End XCConfigurationList section */

/* Begin XCVersionGroup section */
		039458CF1E025C47001B3547 /* CoreDataDemo.xcdatamodeld */ = {
			isa = XCVersionGroup;
			children = (
				039458D01E025C47001B3547 /* CoreDataDemo.xcdatamodel */,
			);
			currentVersion = 039458D01E025C47001B3547 /* CoreDataDemo.xcdatamodel */;
			path = CoreDataDemo.xcdatamodeld;
			sourceTree = "<group>";
			versionGroupType = wrapper.xcdatamodel;
		};
/* End XCVersionGroup section */
	};
	rootObject = 039458BD1E025C46001B3547 /* Project object */;
}
